{
  "name": "@tpluscode/fun-ddr-sparql-graph-repository",
  "version": "0.4.1",
  "lockfileVersion": 1,
  "requires": true,
  "dependencies": {
    "@digitalbazaar/http-client": {
      "version": "3.2.0",
      "resolved": "https://registry.npmjs.org/@digitalbazaar/http-client/-/http-client-3.2.0.tgz",
      "integrity": "sha512-NhYXcWE/JDE7AnJikNX7q0S6zNuUPA2NuIoRdUpmvHlarjmRqyr6hIO3Awu2FxlUzbdiI1uzuWrZyB9mD1tTvw==",
      "requires": {
        "ky": "^0.30.0",
        "ky-universal": "^0.10.1",
        "undici": "^5.2.0"
      }
    },
    "@rdfjs/data-model": {
      "version": "1.1.2",
      "resolved": "https://registry.npmjs.org/@rdfjs/data-model/-/data-model-1.1.2.tgz",
      "integrity": "sha512-pk/G/JLYGaXesoBLvEmoC/ic0H3B79fTyS0Ujjh5YQB2DZW+mn05ZowFFv88rjB9jf7c1XE5XSmf8jzn6U0HHA==",
      "requires": {
        "@types/rdf-js": "^2.0.1"
      }
    },
    "@rdfjs/parser-jsonld": {
      "version": "1.3.1",
      "resolved": "https://registry.npmjs.org/@rdfjs/parser-jsonld/-/parser-jsonld-1.3.1.tgz",
      "integrity": "sha512-5eoG1YCq/uJvEBe0Hiw/TzPvRODLcUmWrGnOpzrvxkEvvmF8FUX8KYFfYtROEIjCuPywG2TBb0ID8F9/sqG0tg==",
      "requires": {
        "@rdfjs/data-model": "^1.3.4",
        "@rdfjs/sink": "^1.0.3",
        "jsonld-streaming-parser": "^2.4.3",
        "readable-stream": "^3.6.0"
      },
      "dependencies": {
        "@rdfjs/data-model": {
          "version": "1.3.4",
          "resolved": "https://registry.npmjs.org/@rdfjs/data-model/-/data-model-1.3.4.tgz",
          "integrity": "sha512-iKzNcKvJotgbFDdti7GTQDCYmL7GsGldkYStiP0K8EYtN7deJu5t7U11rKTz+nR7RtesUggT+lriZ7BakFv8QQ==",
          "requires": {
            "@rdfjs/types": ">=1.0.1"
          }
        },
        "readable-stream": {
          "version": "3.6.0",
          "resolved": "https://registry.npmjs.org/readable-stream/-/readable-stream-3.6.0.tgz",
          "integrity": "sha512-BViHy7LKeTz4oNnkcLJ+lVSL6vpiFeX6/d3oSH8zCW7UxP2onchk+vTGB143xuFjHS3deTgkKoXXymXqymiIdA==",
          "requires": {
            "inherits": "^2.0.3",
            "string_decoder": "^1.1.1",
            "util-deprecate": "^1.0.1"
          }
        }
      }
    },
    "@rdfjs/parser-n3": {
      "version": "1.1.3",
      "resolved": "https://registry.npmjs.org/@rdfjs/parser-n3/-/parser-n3-1.1.3.tgz",
      "integrity": "sha512-TRvAA2QfrIdIfhDB9RVU91dhZ/ITDiJ1prTHahEgEVKNH+Zu+iFfEgLDKbv/ZNvEoLaDyoG92p9xqToH7mdh0w==",
      "requires": {
        "@rdfjs/data-model": "^1.0.1",
        "@rdfjs/sink": "^1.0.2",
        "n3": "^1.0.0-beta.1",
        "readable-stream": "^2.3.6"
      }
    },
    "@rdfjs/sink": {
      "version": "1.0.3",
      "resolved": "https://registry.npmjs.org/@rdfjs/sink/-/sink-1.0.3.tgz",
      "integrity": "sha512-2KfYa8mAnptRNeogxhQqkWNXqfYVWO04jQThtXKepySrIwYmz83+WlevQtA4VDLFe+kFd2TwgL29ekPe5XVUfA=="
    },
    "@rdfjs/to-ntriples": {
      "version": "1.0.2",
      "resolved": "https://registry.npmjs.org/@rdfjs/to-ntriples/-/to-ntriples-1.0.2.tgz",
      "integrity": "sha512-ngw5XAaGHjgGiwWWBPGlfdCclHftonmbje5lMys4G2j4NvfExraPIuRZgjSnd5lg4dnulRVUll8tRbgKO+7EDA=="
    },
    "@rdfjs/types": {
      "version": "1.1.0",
      "resolved": "https://registry.npmjs.org/@rdfjs/types/-/types-1.1.0.tgz",
      "integrity": "sha512-5zm8bN2/CC634dTcn/0AhTRLaQRjXDZs3QfcAsQKNturHT7XVWcKy/8p3P5gXl+YkZTAmy7T5M/LyiT/jbkENw==",
      "requires": {
        "@types/node": "*"
      }
    },
    "@tpluscode/fun-ddr": {
      "version": "0.6.1",
      "resolved": "https://registry.npmjs.org/@tpluscode/fun-ddr/-/fun-ddr-0.6.1.tgz",
      "integrity": "sha512-ea2l88uwrwAO/DFVnJJ1DORbn5keokTaavtuE13tMGhMxWH2AbEX5CrICTtoJIL7EQafSASTUrifakf6HBX9hQ==",
      "requires": {
        "debug": "^4.1.1"
      }
    },
    "@types/debug": {
      "version": "4.1.5",
      "resolved": "https://registry.npmjs.org/@types/debug/-/debug-4.1.5.tgz",
      "integrity": "sha512-Q1y515GcOdTHgagaVFhHnIFQ38ygs/kmxdNpvpou+raI9UO3YZcHDngBSYKQklcKlvA7iuQlmIKbzvmxcOE9CQ==",
      "dev": true
    },
    "@types/http-link-header": {
      "version": "1.0.3",
      "resolved": "https://registry.npmjs.org/@types/http-link-header/-/http-link-header-1.0.3.tgz",
      "integrity": "sha512-y8HkoD/vyid+5MrJ3aas0FvU3/BVBGcyG9kgxL0Zn4JwstA8CglFPnrR0RuzOjRCXwqzL5uxWC2IO7Ub0rMU2A==",
      "requires": {
        "@types/node": "*"
      }
    },
    "@types/jsonld": {
      "version": "1.5.1",
      "resolved": "https://registry.npmjs.org/@types/jsonld/-/jsonld-1.5.1.tgz",
      "integrity": "sha512-8XI88iiCBVqmNCMBqPOgJhJPPuiIW1Tp2sXqe3NwD137ljhQVkDWY8cuYBBDZQoBYfGzUJvja527bbwqVbRnHQ==",
      "dev": true
    },
    "@types/node": {
      "version": "12.7.8",
      "resolved": "https://registry.npmjs.org/@types/node/-/node-12.7.8.tgz",
      "integrity": "sha512-FMdVn84tJJdV+xe+53sYiZS4R5yn1mAIxfj+DVoNiQjTYz1+OYmjwEZr1ev9nU0axXwda0QDbYl06QHanRVH3A=="
    },
    "@types/rdf-ext": {
      "version": "1.3.5",
      "resolved": "https://registry.npmjs.org/@types/rdf-ext/-/rdf-ext-1.3.5.tgz",
      "integrity": "sha512-TP+dZcTHBFGrsBbJXaleAz6cDjYiYjIpB9O8sKY/NEt1u6MxzS6DT3XYWLZ8iZBMV6S6p9QGceKwiECrd7tj0Q==",
      "dev": true,
      "requires": {
        "@types/rdf-js": "*"
      }
    },
    "@types/rdf-js": {
      "version": "2.0.11",
      "resolved": "https://registry.npmjs.org/@types/rdf-js/-/rdf-js-2.0.11.tgz",
      "integrity": "sha512-GC5MZU2HbL5JnlrLAzoxSqLprqtKwocz0TNVugqM04t1ZeeNFpZRqqBQc9Jhev35hEwdH84siRLaCesxHHYlmA==",
      "requires": {
        "@types/node": "*"
      }
    },
    "@types/rdfjs__parser-jsonld": {
      "version": "1.2.2",
      "resolved": "https://registry.npmjs.org/@types/rdfjs__parser-jsonld/-/rdfjs__parser-jsonld-1.2.2.tgz",
      "integrity": "sha512-k5zvH48YruBRF+gWue8Y0sMhMtVdrJHsylmm+3Gp+Zk5V7yBSIVNAsOEb7x9/4liacMBCXPKygQud7HHexCVDQ==",
      "dev": true,
      "requires": {
        "@types/jsonld": "*",
        "@types/rdf-js": "*"
      }
    },
    "@types/rdfjs__serializer-jsonld": {
      "version": "1.2.2",
      "resolved": "https://registry.npmjs.org/@types/rdfjs__serializer-jsonld/-/rdfjs__serializer-jsonld-1.2.2.tgz",
      "integrity": "sha512-rhCU/DifTcVUGfdjqd6f4qG4EB1SwvWQ/5KhUG59Yh9C0TrVBkc07d8HaUTiKQE4KRK7VrTmyZlu6fgeWoPfaw==",
      "dev": true,
      "requires": {
        "@types/rdf-js": "*"
      }
    },
    "@types/sparql-http-client": {
      "version": "2.2.0",
      "resolved": "https://registry.npmjs.org/@types/sparql-http-client/-/sparql-http-client-2.2.0.tgz",
      "integrity": "sha512-d6AtIXQ9+FD6ZAcwcBwvDxaFMTlEyjlrl/PoqgHUlclJv7YteZnralBbX2F908YBgnNVRumE6QgK9wvTRfyKkQ==",
      "dev": true,
      "requires": {
        "@types/rdf-js": "*"
      }
    },
    "@types/uuid": {
      "version": "3.4.6",
      "resolved": "https://registry.npmjs.org/@types/uuid/-/uuid-3.4.6.tgz",
      "integrity": "sha512-cCdlC/1kGEZdEglzOieLDYBxHsvEOIg7kp/2FYyVR9Pxakq+Qf/inL3RKQ+PA8gOlI/NnL+fXmQH12nwcGzsHw==",
      "dev": true,
      "requires": {
        "@types/node": "*"
      }
    },
    "@zazuko/rdf-vocabularies": {
      "version": "2020.3.23",
      "resolved": "https://registry.npmjs.org/@zazuko/rdf-vocabularies/-/rdf-vocabularies-2020.3.23.tgz",
      "integrity": "sha512-CVUEIAsoKyZXSkWDi8ZEcQCSZrWAxQoMaeo/5537BPkLuWYw/Sp6NOaCffAa0Vb9hB0mcHiU2hLu4Qx+C3PE6Q==",
      "requires": {
        "@rdfjs/parser-n3": "^1.1.2",
        "commander": "^5.0.0",
        "rdf-ext": "^1.3.0",
        "readable-stream": "^3.6.0",
        "string-to-stream": "^3.0.1"
      },
      "dependencies": {
        "readable-stream": {
          "version": "3.6.0",
          "resolved": "https://registry.npmjs.org/readable-stream/-/readable-stream-3.6.0.tgz",
          "integrity": "sha512-BViHy7LKeTz4oNnkcLJ+lVSL6vpiFeX6/d3oSH8zCW7UxP2onchk+vTGB143xuFjHS3deTgkKoXXymXqymiIdA==",
          "requires": {
            "inherits": "^2.0.3",
            "string_decoder": "^1.1.1",
            "util-deprecate": "^1.0.1"
          }
        }
      }
    },
    "abort-controller": {
      "version": "3.0.0",
      "resolved": "https://registry.npmjs.org/abort-controller/-/abort-controller-3.0.0.tgz",
      "integrity": "sha512-h8lQ8tacZYnR3vNQTgibj+tODHI5/+l06Au2Pcriv/Gmet0eaj4TwWH41sO9wnHDiQsEj19q0drzdWdeAHtweg==",
      "requires": {
        "event-target-shim": "^5.0.0"
      }
    },
    "buffer-from": {
      "version": "1.1.1",
      "resolved": "https://registry.npmjs.org/buffer-from/-/buffer-from-1.1.1.tgz",
      "integrity": "sha512-MQcXEUbCKtEo7bhqEs6560Hyd4XaovZlO/k9V3hjVUF/zwW7KBVdSK4gIt/bzwS9MbR5qob+F5jusZsb0YQK2A=="
    },
    "busboy": {
      "version": "1.6.0",
      "resolved": "https://registry.npmjs.org/busboy/-/busboy-1.6.0.tgz",
      "integrity": "sha512-8SFQbg/0hQ9xy3UNTB0YEnsNBbWfhf7RtnzpL7TkBiTBRfrQ9Fxcnz7VJsleJpyp6rVLvXiuORqjlHi5q+PYuA==",
      "requires": {
        "streamsearch": "^1.1.0"
      }
    },
    "canonicalize": {
      "version": "1.0.8",
      "resolved": "https://registry.npmjs.org/canonicalize/-/canonicalize-1.0.8.tgz",
      "integrity": "sha512-0CNTVCLZggSh7bc5VkX5WWPWO+cyZbNd07IHIsSXLia/eAq+r836hgk+8BKoEh7949Mda87VUOitx5OddVj64A=="
    },
    "commander": {
      "version": "5.0.0",
      "resolved": "https://registry.npmjs.org/commander/-/commander-5.0.0.tgz",
      "integrity": "sha512-JrDGPAKjMGSP1G0DUoaceEJ3DZgAfr/q6X7FVk4+U5KxUSKviYGM2k6zWkfyyBHy5rAtzgYJFa1ro2O9PtoxwQ=="
    },
    "concat-stream": {
      "version": "1.6.2",
      "resolved": "https://registry.npmjs.org/concat-stream/-/concat-stream-1.6.2.tgz",
      "integrity": "sha512-27HBghJxjiZtIk3Ycvn/4kbJk/1uZuJFfuPEns6LaEvpvG1f0hTea8lilrouyo9mVc2GWdcEZ8OLoGmSADlrCw==",
      "requires": {
        "buffer-from": "^1.0.0",
        "inherits": "^2.0.3",
        "readable-stream": "^2.2.2",
        "typedarray": "^0.0.6"
      }
    },
    "core-util-is": {
      "version": "1.0.2",
      "resolved": "https://registry.npmjs.org/core-util-is/-/core-util-is-1.0.2.tgz",
      "integrity": "sha1-tf1UIgqivFq1eqtxQMlAdUUDwac="
    },
    "cross-fetch": {
      "version": "3.0.4",
      "resolved": "https://registry.npmjs.org/cross-fetch/-/cross-fetch-3.0.4.tgz",
      "integrity": "sha512-MSHgpjQqgbT/94D4CyADeNoYh52zMkCX4pcJvPP5WqPsLFMKjr2TCMg381ox5qI0ii2dPwaLx/00477knXqXVw==",
      "requires": {
        "node-fetch": "2.6.0",
        "whatwg-fetch": "3.0.0"
      }
    },
    "data-uri-to-buffer": {
      "version": "4.0.0",
      "resolved": "https://registry.npmjs.org/data-uri-to-buffer/-/data-uri-to-buffer-4.0.0.tgz",
      "integrity": "sha512-Vr3mLBA8qWmcuschSLAOogKgQ/Jwxulv3RNE4FXnYWRGujzrRWQI4m12fQqRkwX06C0KanhLr4hK+GydchZsaA=="
    },
    "debug": {
      "version": "4.1.1",
      "resolved": "https://registry.npmjs.org/debug/-/debug-4.1.1.tgz",
      "integrity": "sha512-pYAIzeRo8J6KPEaJ0VWOh5Pzkbw/RetuzehGM7QRRX5he4fPHx2rdKMB256ehJCkX+XRQm16eZLqLNS8RSZXZw==",
      "requires": {
        "ms": "^2.1.1"
      }
    },
    "end-of-stream": {
      "version": "1.4.4",
      "resolved": "https://registry.npmjs.org/end-of-stream/-/end-of-stream-1.4.4.tgz",
      "integrity": "sha512-+uw1inIHVPQoaVuHzRyXd21icM+cnt4CzD5rW+NC1wjOUSTOs+Te7FOv7AhN7vS9x/oIyhLP5PR1H+phQAHu5Q==",
      "requires": {
        "once": "^1.4.0"
      }
    },
    "event-target-shim": {
      "version": "5.0.1",
      "resolved": "https://registry.npmjs.org/event-target-shim/-/event-target-shim-5.0.1.tgz",
      "integrity": "sha512-i/2XbnSz/uxRCU6+NdVJgKWDTM427+MqYbkQzD321DuCQJUqOuJKIA0IM2+W2xtYHdKOmZ4dR6fExsd4SXL+WQ=="
    },
    "fetch-blob": {
      "version": "3.2.0",
      "resolved": "https://registry.npmjs.org/fetch-blob/-/fetch-blob-3.2.0.tgz",
      "integrity": "sha512-7yAQpD2UMJzLi1Dqv7qFYnPbaPx7ZfFK6PiIxQ4PfkGPyNyl2Ugx+a/umUonmKqjhM4DnfbMvdX6otXq83soQQ==",
      "requires": {
        "node-domexception": "^1.0.0",
        "web-streams-polyfill": "^3.0.3"
      }
    },
    "formdata-polyfill": {
      "version": "4.0.10",
      "resolved": "https://registry.npmjs.org/formdata-polyfill/-/formdata-polyfill-4.0.10.tgz",
      "integrity": "sha512-buewHzMvYL29jdeQTVILecSaZKnt/RJWjoZCF5OW60Z67/GmSLBkOFM7qh1PI3zFNtJbaZL5eQu1vLfazOwj4g==",
      "requires": {
        "fetch-blob": "^3.1.2"
      }
    },
    "get-stream": {
      "version": "5.1.0",
      "resolved": "https://registry.npmjs.org/get-stream/-/get-stream-5.1.0.tgz",
      "integrity": "sha512-EXr1FOzrzTfGeL0gQdeFEvOMm2mzMOglyiOXSTpPC+iAjAKftbr3jpCMWynogwYnM+eSj9sHGc6wjIcDvYiygw==",
      "requires": {
        "pump": "^3.0.0"
      }
    },
    "hasurl": {
      "version": "1.0.0",
      "resolved": "https://registry.npmjs.org/hasurl/-/hasurl-1.0.0.tgz",
      "integrity": "sha512-43ypUd3DbwyCT01UYpA99AEZxZ4aKtRxWGBHEIbjcOsUghd9YUON0C+JF6isNjaiwC/UF5neaUudy6JS9jZPZQ=="
    },
    "http-link-header": {
      "version": "1.0.5",
      "resolved": "https://registry.npmjs.org/http-link-header/-/http-link-header-1.0.5.tgz",
      "integrity": "sha512-msKrMbv/xHzhdOD4sstbEr+NbGqpv8ZtZliiCeByGENJo1jK1GZ/81zHF9HpWtEH5ihovPpdqHXniwZapJCKEA=="
    },
    "inherits": {
      "version": "2.0.4",
      "resolved": "https://registry.npmjs.org/inherits/-/inherits-2.0.4.tgz",
      "integrity": "sha512-k/vGaX4/Yla3WzyMCvTQOXYeIHvqOKtnqBduzTHpzpQZzAskKMhZ2K+EnBiSM9zGSoIFeMpXKxa4dYeZIQqewQ=="
    },
    "isarray": {
      "version": "1.0.0",
      "resolved": "https://registry.npmjs.org/isarray/-/isarray-1.0.0.tgz",
      "integrity": "sha1-u5NdSFgsuhaMBoNJV6VKPgcSTxE="
    },
    "jsonld": {
      "version": "8.1.0",
      "resolved": "https://registry.npmjs.org/jsonld/-/jsonld-8.1.0.tgz",
      "integrity": "sha512-6tYhiEVYO3rTcoYCGCArw8SqawuW0hf/cqmaE5WbX44CGb7d8N2UFvmUj9OYkJhChD98bfdPljUj7S39MrzsHg==",
      "requires": {
        "@digitalbazaar/http-client": "^3.2.0",
        "canonicalize": "^1.0.1",
        "lru-cache": "^6.0.0",
        "rdf-canonize": "^3.0.0"
      }
    },
    "jsonld-context-parser": {
      "version": "2.2.1",
      "resolved": "https://registry.npmjs.org/jsonld-context-parser/-/jsonld-context-parser-2.2.1.tgz",
      "integrity": "sha512-MCmJ2Lf1cRtvJ1v7A9X88KkZ+vqC41quhpYSSO4NJFrhodjpJOUeJA3Vy9Gdr06zIDDo/V73SOmKkK44+HSJzA==",
      "requires": {
        "@types/http-link-header": "^1.0.1",
        "@types/node": "^18.0.0",
        "canonicalize": "^1.0.1",
        "cross-fetch": "^3.0.6",
        "http-link-header": "^1.0.2",
        "relative-to-absolute-iri": "^1.0.5"
      },
      "dependencies": {
        "@types/node": {
          "version": "18.8.4",
          "resolved": "https://registry.npmjs.org/@types/node/-/node-18.8.4.tgz",
          "integrity": "sha512-WdlVphvfR/GJCLEMbNA8lJ0lhFNBj4SW3O+O5/cEGw9oYrv0al9zTwuQsq+myDUXgNx2jgBynoVgZ2MMJ6pbow=="
        },
        "cross-fetch": {
          "version": "3.1.5",
          "resolved": "https://registry.npmjs.org/cross-fetch/-/cross-fetch-3.1.5.tgz",
          "integrity": "sha512-lvb1SBsI0Z7GDwmuid+mU3kWVBwTVUbe7S0H52yaaAdQOXq2YktTCZdlAcNKFzE6QtRz0snpw9bNiPeOIkkQvw==",
          "requires": {
            "node-fetch": "2.6.7"
          }
        },
        "node-fetch": {
          "version": "2.6.7",
          "resolved": "https://registry.npmjs.org/node-fetch/-/node-fetch-2.6.7.tgz",
          "integrity": "sha512-ZjMPFEfVx5j+y2yF35Kzx5sF7kDzxuDj6ziH4FFbOp87zKDZNx8yExJIb05OGF4Nlt9IHFIMBkRl41VdvcNdbQ==",
          "requires": {
            "whatwg-url": "^5.0.0"
          }
        },
        "tr46": {
          "version": "0.0.3",
          "resolved": "https://registry.npmjs.org/tr46/-/tr46-0.0.3.tgz",
          "integrity": "sha512-N3WMsuqV66lT30CrXNbEjx4GEwlow3v6rr4mCcv6prnfwhS01rkgyFdjPNBYd9br7LpXV1+Emh01fHnq2Gdgrw=="
        },
        "webidl-conversions": {
          "version": "3.0.1",
          "resolved": "https://registry.npmjs.org/webidl-conversions/-/webidl-conversions-3.0.1.tgz",
          "integrity": "sha512-2JAn3z8AR6rjK8Sm8orRC0h/bcl/DqL7tRPdGZ4I1CjdF+EaMLmYxBHyXuKL849eucPFhvBoxMsflfOb8kxaeQ=="
        },
        "whatwg-url": {
          "version": "5.0.0",
          "resolved": "https://registry.npmjs.org/whatwg-url/-/whatwg-url-5.0.0.tgz",
          "integrity": "sha512-saE57nupxk6v3HY35+jzBwYa0rKSy0XR8JSxZPwgLr7ys0IBzhGviA1/TUGJLmSVqs8pb9AnvICXEuOHLprYTw==",
          "requires": {
            "tr46": "~0.0.3",
            "webidl-conversions": "^3.0.0"
          }
        }
      }
    },
    "jsonld-streaming-parser": {
      "version": "2.4.3",
      "resolved": "https://registry.npmjs.org/jsonld-streaming-parser/-/jsonld-streaming-parser-2.4.3.tgz",
      "integrity": "sha512-ysuevJ+l8+Y4W3J/yQW3pa9VCBNDHo2tZkKmPAnfhfsmFMyxuueAeXMmTbpJZdrpagzeeDVr3A8EZVuHliQJ9A==",
      "requires": {
        "@rdfjs/types": "*",
        "@types/http-link-header": "^1.0.1",
        "canonicalize": "^1.0.1",
        "http-link-header": "^1.0.2",
        "jsonld-context-parser": "^2.1.3",
        "jsonparse": "^1.3.1",
        "rdf-data-factory": "^1.1.0"
      }
    },
    "jsonparse": {
      "version": "1.3.1",
      "resolved": "https://registry.npmjs.org/jsonparse/-/jsonparse-1.3.1.tgz",
      "integrity": "sha1-P02uSpH6wxX3EGL4UhzCOfE2YoA="
    },
    "jsonstream2": {
      "version": "3.0.0",
      "resolved": "https://registry.npmjs.org/jsonstream2/-/jsonstream2-3.0.0.tgz",
      "integrity": "sha512-8ngq2XB8NjYrpe3+Xtl9lFJl6RoV2dNT4I7iyaHwxUpTBwsj0AlAR7epGfeYVP0z4Z7KxMoSxRgJWrd2jmBT/Q==",
      "requires": {
        "jsonparse": "1.3.1",
        "through2": "^3.0.1",
        "type-component": "0.0.1"
      }
    },
    "ky": {
      "version": "0.30.0",
      "resolved": "https://registry.npmjs.org/ky/-/ky-0.30.0.tgz",
      "integrity": "sha512-X/u76z4JtDVq10u1JA5UQfatPxgPaVDMYTrgHyiTpGN2z4TMEJkIHsoSBBSg9SWZEIXTKsi9kHgiQ9o3Y/4yog=="
    },
    "ky-universal": {
      "version": "0.10.1",
      "resolved": "https://registry.npmjs.org/ky-universal/-/ky-universal-0.10.1.tgz",
      "integrity": "sha512-r8909k+ELKZAxhVA5c440x22hqw5XcMRwLRbgpPQk4JHy3/ddJnvzcnSo5Ww3HdKdNeS3Y8dBgcIYyVahMa46g==",
      "requires": {
        "abort-controller": "^3.0.0",
        "node-fetch": "^3.2.2"
      },
      "dependencies": {
        "node-fetch": {
          "version": "3.2.10",
          "resolved": "https://registry.npmjs.org/node-fetch/-/node-fetch-3.2.10.tgz",
          "integrity": "sha512-MhuzNwdURnZ1Cp4XTazr69K0BTizsBroX7Zx3UgDSVcZYKF/6p0CBe4EUb/hLqmzVhl0UpYfgRljQ4yxE+iCxA==",
          "requires": {
            "data-uri-to-buffer": "^4.0.0",
            "fetch-blob": "^3.1.4",
            "formdata-polyfill": "^4.0.10"
          }
        }
      }
    },
    "lodash": {
      "version": "4.17.15",
      "resolved": "https://registry.npmjs.org/lodash/-/lodash-4.17.15.tgz",
      "integrity": "sha512-8xOcRHvCjnocdS5cpwXQXVzmmh5e5+saE2QGoeQmbKmRS6J3VQppPOIt0MnmE+4xlZoumy0GPG0D0MVIQbNA1A=="
    },
    "lodash.sortby": {
      "version": "4.7.0",
      "resolved": "https://registry.npmjs.org/lodash.sortby/-/lodash.sortby-4.7.0.tgz",
      "integrity": "sha1-7dFMgk4sycHgsKG0K7UhBRakJDg="
    },
    "lru-cache": {
      "version": "6.0.0",
      "resolved": "https://registry.npmjs.org/lru-cache/-/lru-cache-6.0.0.tgz",
      "integrity": "sha512-Jo6dJ04CmSjuznwJSS3pUeWmd/H0ffTlkXXgwZi+eq1UCmqQwCh+eLsYOYCwY991i2Fah4h1BEMCx4qThGbsiA==",
      "requires": {
        "yallist": "^4.0.0"
      }
    },
    "ms": {
      "version": "2.1.2",
      "resolved": "https://registry.npmjs.org/ms/-/ms-2.1.2.tgz",
      "integrity": "sha512-sGkPx+VjMtmA6MX27oA4FBFELFCZZ4S4XqeGOXCv68tT+jb3vk/RyaKWP0PTKyWtmLSM0b+adUTEvbs1PEaH2w=="
    },
    "n3": {
      "version": "1.2.1",
      "resolved": "https://registry.npmjs.org/n3/-/n3-1.2.1.tgz",
      "integrity": "sha512-5va8zsh02owDul7+5bj35cGOzWU7DeJHwQK3F8NDKtiYqPgWcFTg/zLxJs1JeRF2n6j5PI/eR9DCokS7nLrevA=="
    },
    "node-domexception": {
      "version": "1.0.0",
      "resolved": "https://registry.npmjs.org/node-domexception/-/node-domexception-1.0.0.tgz",
      "integrity": "sha512-/jKZoMpw0F8GRwl4/eLROPA3cfcXtLApP0QzLmUT/HuPCZWyB7IY9ZrMeKw2O/nFIqPQB3PVM9aYm0F312AXDQ=="
    },
    "node-fetch": {
      "version": "2.6.0",
      "resolved": "https://registry.npmjs.org/node-fetch/-/node-fetch-2.6.0.tgz",
      "integrity": "sha512-8dG4H5ujfvFiqDmVu9fQ5bOHUC15JMjMY/Zumv26oOvvVJjM67KF8koCWIabKQ1GJIa9r2mMZscBq/TbdOcmNA=="
    },
    "nodeify-fetch": {
      "version": "2.2.0",
      "resolved": "https://registry.npmjs.org/nodeify-fetch/-/nodeify-fetch-2.2.0.tgz",
      "integrity": "sha512-SKsvcuitnDboR9TtyVVMkCdQL8zKqDlv52aOkN3ITiGsi59Nns2nEmmfECejHhBclVqA5EMuTb2fsSIvvUexKg==",
      "requires": {
        "concat-stream": "^1.6.0",
        "cross-fetch": "^3.0.4",
        "readable-error": "^1.0.0",
        "readable-stream": "^3.5.0"
      },
      "dependencies": {
        "readable-stream": {
          "version": "3.6.0",
          "resolved": "https://registry.npmjs.org/readable-stream/-/readable-stream-3.6.0.tgz",
          "integrity": "sha512-BViHy7LKeTz4oNnkcLJ+lVSL6vpiFeX6/d3oSH8zCW7UxP2onchk+vTGB143xuFjHS3deTgkKoXXymXqymiIdA==",
          "requires": {
            "inherits": "^2.0.3",
            "string_decoder": "^1.1.1",
            "util-deprecate": "^1.0.1"
          }
        }
      }
    },
    "once": {
      "version": "1.4.0",
      "resolved": "https://registry.npmjs.org/once/-/once-1.4.0.tgz",
      "integrity": "sha1-WDsap3WWHUsROsF9nFC6753Xa9E=",
      "requires": {
        "wrappy": "1"
      }
    },
    "process-nextick-args": {
      "version": "2.0.1",
      "resolved": "https://registry.npmjs.org/process-nextick-args/-/process-nextick-args-2.0.1.tgz",
      "integrity": "sha512-3ouUOpQhtgrbOa17J7+uxOTpITYWaGP7/AhoR3+A+/1e9skrzelGi/dXzEYyvbxubEF6Wn2ypscTKiKJFFn1ag=="
    },
    "promise-the-world": {
      "version": "1.0.1",
      "resolved": "https://registry.npmjs.org/promise-the-world/-/promise-the-world-1.0.1.tgz",
      "integrity": "sha512-eAXctcYU0ksq9YT5LT0N3e8yvdEAp0aYuzIiaJo9CpZwga45i08MW05GMXZIow7N05d1o4EBoR5hjkb7jhzqKg=="
    },
    "pump": {
      "version": "3.0.0",
      "resolved": "https://registry.npmjs.org/pump/-/pump-3.0.0.tgz",
      "integrity": "sha512-LwZy+p3SFs1Pytd/jYct4wpv49HiYCqd9Rlc5ZVdk0V+8Yzv6jR5Blk3TRmPL1ft69TxP0IMZGJ+WPFU2BFhww==",
      "requires": {
        "end-of-stream": "^1.1.0",
        "once": "^1.3.1"
      }
    },
    "punycode": {
      "version": "2.1.1",
      "resolved": "https://registry.npmjs.org/punycode/-/punycode-2.1.1.tgz",
      "integrity": "sha512-XRsRjdf+j5ml+y/6GKHPZbrF/8p2Yga0JPtdqTIY2Xe5ohJPD9saDJJLPvp9+NSBprVvevdXZybnj2cv8OEd0A=="
    },
    "rdf-canonize": {
      "version": "3.3.0",
      "resolved": "https://registry.npmjs.org/rdf-canonize/-/rdf-canonize-3.3.0.tgz",
      "integrity": "sha512-gfSNkMua/VWC1eYbSkVaL/9LQhFeOh0QULwv7Or0f+po8pMgQ1blYQFe1r9Mv2GJZXw88Cz/drnAnB9UlNnHfQ==",
      "requires": {
        "setimmediate": "^1.0.5"
      }
    },
    "rdf-data-factory": {
      "version": "1.1.1",
      "resolved": "https://registry.npmjs.org/rdf-data-factory/-/rdf-data-factory-1.1.1.tgz",
      "integrity": "sha512-0HoLx7lbBlNd2YTmNKin0txgiYmAV56eVU823at8cG2+iD0Ia5kcRNDpzZy6I/HCtFTymHvTfdhHTzm3ak3Jpw==",
      "requires": {
        "@rdfjs/types": "*"
      }
    },
    "rdf-dataset-indexed": {
      "version": "0.4.0",
      "resolved": "https://registry.npmjs.org/rdf-dataset-indexed/-/rdf-dataset-indexed-0.4.0.tgz",
      "integrity": "sha512-xIZ3PGwBHh1DVax9FTq/zhJcrdJTkCgRT2xolF5ZhKj0EOFoT6wdITyfxKSmnD6YNyGyng5F5o2SR62TYask3Q==",
      "requires": {
        "@rdfjs/data-model": "^1.1.1",
        "readable-stream": "^3.3.0"
      },
      "dependencies": {
        "readable-stream": {
          "version": "3.4.0",
          "resolved": "https://registry.npmjs.org/readable-stream/-/readable-stream-3.4.0.tgz",
          "integrity": "sha512-jItXPLmrSR8jmTRmRWJXCnGJsfy85mB3Wd/uINMXA65yrnFo0cPClFIUWzo2najVNSl+mx7/4W8ttlLWJe99pQ==",
          "requires": {
            "inherits": "^2.0.3",
            "string_decoder": "^1.1.1",
            "util-deprecate": "^1.0.1"
          }
        }
      }
    },
    "rdf-ext": {
      "version": "1.3.0",
      "resolved": "https://registry.npmjs.org/rdf-ext/-/rdf-ext-1.3.0.tgz",
      "integrity": "sha512-bzkJpINH1uZgAeSIlE7K1nLF6Y82vGi9U9sBRuiz864pNk/31ba3dw+yLoIkcvQsPcVwnKBVLvGCR3dvD9xM+Q==",
      "requires": {
        "@rdfjs/data-model": "^1.1.0",
        "@rdfjs/to-ntriples": "^1.0.1",
        "rdf-dataset-indexed": "^0.4.0",
        "rdf-normalize": "^1.0.0"
      }
    },
    "rdf-normalize": {
      "version": "1.0.0",
      "resolved": "https://registry.npmjs.org/rdf-normalize/-/rdf-normalize-1.0.0.tgz",
      "integrity": "sha1-U0lrrzYszp2fyh8iFsbDAAf5nMo="
    },
    "rdf-transform-triple-to-quad": {
      "version": "1.0.2",
      "resolved": "https://registry.npmjs.org/rdf-transform-triple-to-quad/-/rdf-transform-triple-to-quad-1.0.2.tgz",
      "integrity": "sha512-cr8wgJcj+SvPLichNhWhUTyXHcoD1EVgajVmvbtwYbMRw479KAaW03TTviQaJAUqgcWzIzkrWLtWkrY2FgwryQ==",
      "requires": {
        "@rdfjs/data-model": "^1.1.2",
        "readable-stream": "^3.5.0"
      },
      "dependencies": {
        "readable-stream": {
          "version": "3.6.0",
          "resolved": "https://registry.npmjs.org/readable-stream/-/readable-stream-3.6.0.tgz",
          "integrity": "sha512-BViHy7LKeTz4oNnkcLJ+lVSL6vpiFeX6/d3oSH8zCW7UxP2onchk+vTGB143xuFjHS3deTgkKoXXymXqymiIdA==",
          "requires": {
            "inherits": "^2.0.3",
            "string_decoder": "^1.1.1",
            "util-deprecate": "^1.0.1"
          }
        }
      }
    },
    "readable-error": {
      "version": "1.0.0",
      "resolved": "https://registry.npmjs.org/readable-error/-/readable-error-1.0.0.tgz",
      "integrity": "sha512-CLnInu5bUphmFiZ3pD/BC6+Cg4/BzK6ZMvWfd0b2QMzYo159Z/f/nVFQ9L5IeMrqUxy0EFsp3XJ+BRfLfY13IQ==",
      "requires": {
        "readable-stream": "^2.3.3"
      }
    },
    "readable-stream": {
      "version": "2.3.6",
      "resolved": "https://registry.npmjs.org/readable-stream/-/readable-stream-2.3.6.tgz",
      "integrity": "sha512-tQtKA9WIAhBF3+VLAseyMqZeBjW0AHJoxOtYqSUZNJxauErmLbVm2FW1y+J/YA9dUrAC39ITejlZWhVIwawkKw==",
      "requires": {
        "core-util-is": "~1.0.0",
        "inherits": "~2.0.3",
        "isarray": "~1.0.0",
        "process-nextick-args": "~2.0.0",
        "safe-buffer": "~5.1.1",
        "string_decoder": "~1.1.1",
        "util-deprecate": "~1.0.1"
      }
    },
    "relative-to-absolute-iri": {
      "version": "1.0.6",
      "resolved": "https://registry.npmjs.org/relative-to-absolute-iri/-/relative-to-absolute-iri-1.0.6.tgz",
      "integrity": "sha512-Xw5/Zx6iWSCMJUXwXVOjySjH8Xli4hVFL9QQFvkl1qEmFBG94J+QUI9emnoctOCD3285f1jNV+QWV9eDYwIdfQ=="
    },
    "safe-buffer": {
      "version": "5.1.2",
      "resolved": "https://registry.npmjs.org/safe-buffer/-/safe-buffer-5.1.2.tgz",
      "integrity": "sha512-Gd2UZBJDkXlY7GbJxfsE8/nvKkUEU1G38c1siN6QP6a9PT9MmHB8GnpscSmMJSoF8LOIrt8ud/wPtojys4G6+g=="
    },
    "setimmediate": {
      "version": "1.0.5",
      "resolved": "https://registry.npmjs.org/setimmediate/-/setimmediate-1.0.5.tgz",
      "integrity": "sha512-MATJdZp8sLqDl/68LfQmbP8zKPLQNV6BIZoIgrscFDQ+RsvK/BxeDQOgyxKKoh0y/8h3BqVFnCqQ/gd+reiIXA=="
    },
    "sparql-http-client": {
      "version": "2.2.0",
      "resolved": "https://registry.npmjs.org/sparql-http-client/-/sparql-http-client-2.2.0.tgz",
      "integrity": "sha512-sNWt7FXweTfy/VtLCNLreoX809MkNTgLLtrTOAWn67OX5AWuusaDstzXD/kCnhD+3loyeOjykeklSEt+a4x9TQ==",
      "requires": {
        "@rdfjs/data-model": "^1.1.2",
        "@rdfjs/parser-n3": "^1.1.3",
        "@rdfjs/to-ntriples": "^1.0.2",
        "get-stream": "^5.1.0",
        "jsonstream2": "^3.0.0",
        "lodash": "^4.17.15",
        "nodeify-fetch": "^2.2.0",
        "promise-the-world": "^1.0.1",
        "rdf-transform-triple-to-quad": "^1.0.2",
        "readable-stream": "^3.5.0",
        "universal-url": "^2.0.0"
      },
      "dependencies": {
        "readable-stream": {
          "version": "3.6.0",
          "resolved": "https://registry.npmjs.org/readable-stream/-/readable-stream-3.6.0.tgz",
          "integrity": "sha512-BViHy7LKeTz4oNnkcLJ+lVSL6vpiFeX6/d3oSH8zCW7UxP2onchk+vTGB143xuFjHS3deTgkKoXXymXqymiIdA==",
          "requires": {
            "inherits": "^2.0.3",
            "string_decoder": "^1.1.1",
            "util-deprecate": "^1.0.1"
          }
        }
      }
    },
    "streamsearch": {
      "version": "1.1.0",
      "resolved": "https://registry.npmjs.org/streamsearch/-/streamsearch-1.1.0.tgz",
      "integrity": "sha512-Mcc5wHehp9aXz1ax6bZUyY5afg9u2rv5cqQI3mRrYkGC8rW2hM02jWuwjtL++LS5qinSyhj2QfLyNsuc+VsExg=="
    },
    "string-to-stream": {
      "version": "3.0.1",
      "resolved": "https://registry.npmjs.org/string-to-stream/-/string-to-stream-3.0.1.tgz",
      "integrity": "sha512-Hl092MV3USJuUCC6mfl9sPzGloA3K5VwdIeJjYIkXY/8K+mUvaeEabWJgArp+xXrsWxCajeT2pc4axbVhIZJyg==",
      "requires": {
        "readable-stream": "^3.4.0"
      },
      "dependencies": {
        "readable-stream": {
          "version": "3.4.0",
          "resolved": "https://registry.npmjs.org/readable-stream/-/readable-stream-3.4.0.tgz",
          "integrity": "sha512-jItXPLmrSR8jmTRmRWJXCnGJsfy85mB3Wd/uINMXA65yrnFo0cPClFIUWzo2najVNSl+mx7/4W8ttlLWJe99pQ==",
          "requires": {
            "inherits": "^2.0.3",
            "string_decoder": "^1.1.1",
            "util-deprecate": "^1.0.1"
          }
        }
      }
    },
    "string_decoder": {
      "version": "1.1.1",
      "resolved": "https://registry.npmjs.org/string_decoder/-/string_decoder-1.1.1.tgz",
      "integrity": "sha512-n/ShnvDi6FHbbVfviro+WojiFzv+s8MPMHBczVePfUpDJLwoLT0ht1l4YwBCbi8pJAveEEdnkHyPyTP/mzRfwg==",
      "requires": {
        "safe-buffer": "~5.1.0"
      }
    },
    "through2": {
      "version": "3.0.1",
      "resolved": "https://registry.npmjs.org/through2/-/through2-3.0.1.tgz",
      "integrity": "sha512-M96dvTalPT3YbYLaKaCuwu+j06D/8Jfib0o/PxbVt6Amhv3dUAtW6rTV1jPgJSBG83I/e04Y6xkVdVhSRhi0ww==",
      "requires": {
        "readable-stream": "2 || 3"
      }
    },
    "tr46": {
      "version": "1.0.1",
      "resolved": "https://registry.npmjs.org/tr46/-/tr46-1.0.1.tgz",
      "integrity": "sha1-qLE/1r/SSJUZZ0zN5VujaTtwbQk=",
      "requires": {
        "punycode": "^2.1.0"
      }
    },
    "type-component": {
      "version": "0.0.1",
      "resolved": "https://registry.npmjs.org/type-component/-/type-component-0.0.1.tgz",
      "integrity": "sha1-lSpsgcIe/STRPYEdDISYy4YOGVY="
    },
    "typedarray": {
      "version": "0.0.6",
      "resolved": "https://registry.npmjs.org/typedarray/-/typedarray-0.0.6.tgz",
      "integrity": "sha1-hnrHTjhkGHsdPUfZlqeOxciDB3c="
    },
    "typescript": {
      "version": "3.7.2",
      "resolved": "https://registry.npmjs.org/typescript/-/typescript-3.7.2.tgz",
      "integrity": "sha512-ml7V7JfiN2Xwvcer+XAf2csGO1bPBdRbFCkYBczNZggrBZ9c7G3riSUeJmqEU5uOtXNPMhE3n+R4FA/3YOAWOQ==",
      "dev": true
    },
    "undici": {
      "version": "5.11.0",
      "resolved": "https://registry.npmjs.org/undici/-/undici-5.11.0.tgz",
      "integrity": "sha512-oWjWJHzFet0Ow4YZBkyiJwiK5vWqEYoH7BINzJAJOLedZ++JpAlCbUktW2GQ2DS2FpKmxD/JMtWUUWl1BtghGw==",
      "requires": {
        "busboy": "^1.6.0"
      }
    },
    "universal-url": {
      "version": "2.0.0",
      "resolved": "https://registry.npmjs.org/universal-url/-/universal-url-2.0.0.tgz",
      "integrity": "sha512-3DLtXdm/G1LQMCnPj+Aw7uDoleQttNHp2g5FnNQKR6cP6taNWS1b/Ehjjx4PVyvejKi3TJyu8iBraKM4q3JQPg==",
      "requires": {
        "hasurl": "^1.0.0",
        "whatwg-url": "^7.0.0"
      }
    },
    "util-deprecate": {
      "version": "1.0.2",
      "resolved": "https://registry.npmjs.org/util-deprecate/-/util-deprecate-1.0.2.tgz",
      "integrity": "sha1-RQ1Nyfpw3nMnYvvS1KKJgUGaDM8="
    },
    "uuid": {
      "version": "3.3.3",
      "resolved": "https://registry.npmjs.org/uuid/-/uuid-3.3.3.tgz",
      "integrity": "sha512-pW0No1RGHgzlpHJO1nsVrHKpOEIxkGg1xB+v0ZmdNH5OAeAwzAVrCnI2/6Mtx+Uys6iaylxa+D3g4j63IKKjSQ=="
    },
    "web-streams-polyfill": {
      "version": "3.2.1",
      "resolved": "https://registry.npmjs.org/web-streams-polyfill/-/web-streams-polyfill-3.2.1.tgz",
      "integrity": "sha512-e0MO3wdXWKrLbL0DgGnUV7WHVuw9OUvL4hjgnPkIeEvESk74gAITi5G606JtZPp39cd8HA9VQzCIvA49LpPN5Q=="
    },
    "webidl-conversions": {
      "version": "4.0.2",
      "resolved": "https://registry.npmjs.org/webidl-conversions/-/webidl-conversions-4.0.2.tgz",
      "integrity": "sha512-YQ+BmxuTgd6UXZW3+ICGfyqRyHXVlD5GtQr5+qjiNW7bF0cqrzX500HVXPBOvgXb5YnzDd+h0zqyv61KUD7+Sg=="
    },
    "whatwg-fetch": {
      "version": "3.0.0",
      "resolved": "https://registry.npmjs.org/whatwg-fetch/-/whatwg-fetch-3.0.0.tgz",
      "integrity": "sha512-9GSJUgz1D4MfyKU7KRqwOjXCXTqWdFNvEr7eUBYchQiVc744mqK/MzXPNR2WsPkmkOa4ywfg8C2n8h+13Bey1Q=="
    },
    "whatwg-url": {
      "version": "7.1.0",
      "resolved": "https://registry.npmjs.org/whatwg-url/-/whatwg-url-7.1.0.tgz",
      "integrity": "sha512-WUu7Rg1DroM7oQvGWfOiAK21n74Gg+T4elXEQYkOhtyLeWiJFoOGLXPKI/9gzIie9CtwVLm8wtw6YJdKyxSjeg==",
      "requires": {
        "lodash.sortby": "^4.7.0",
        "tr46": "^1.0.1",
        "webidl-conversions": "^4.0.2"
      }
    },
    "wrappy": {
      "version": "1.0.2",
      "resolved": "https://registry.npmjs.org/wrappy/-/wrappy-1.0.2.tgz",
      "integrity": "sha1-tSQ9jz7BqjXxNkYFvA0QNuMKtp8="
    },
    "yallist": {
      "version": "4.0.0",
      "resolved": "https://registry.npmjs.org/yallist/-/yallist-4.0.0.tgz",
      "integrity": "sha512-3wdGidZyq5PB084XLES5TpOSRA3wjXAlIWMhum2kRcv/41Sn2emQ0dycQW4uZXLejwKvg6EsvbdlVL+FYEct7A=="
    }
  }
}
